# Generated by pub
# See https://dart.dev/tools/pub/glossary#lockfile
packages:
  _flutterfire_internals:
    dependency: transitive
    description:
      name: _flutterfire_internals
      sha256: "330d7fcbb72624f5b6d374af8b059b0ef4ba96ba5b8987f874964a1287eb617d"
      url: "https://pub.dev"
    source: hosted
    version: "1.0.18"
  async:
    dependency: transitive
    description:
      name: async
      sha256: "947bfcf187f74dbc5e146c9eb9c0f10c9f8b30743e341481c1e2ed3ecc18c20c"
      url: "https://pub.dev"
    source: hosted
    version: "2.11.0"
  boolean_selector:
    dependency: transitive
    description:
      name: boolean_selector
      sha256: "6cfb5af12253eaf2b368f07bacc5a80d1301a071c73360d746b7f2e32d762c66"
      url: "https://pub.dev"
    source: hosted
    version: "2.1.1"
  characters:
    dependency: transitive
    description:
      name: characters
      sha256: "04a925763edad70e8443c99234dc3328f442e811f1d8fd1a72f1c8ad0f69a605"
      url: "https://pub.dev"
    source: hosted
    version: "1.3.0"
  clock:
    dependency: transitive
    description:
      name: clock
      sha256: cb6d7f03e1de671e34607e909a7213e31d7752be4fb66a86d29fe1eb14bfb5cf
      url: "https://pub.dev"
    source: hosted
    version: "1.1.1"
  cloud_firestore:
    dependency: "direct main"
    description:
      name: cloud_firestore
      sha256: "0ad93f01816ab7e59560bffeece2d19cec872fedfea04a7ad5be418cad25d574"
      url: "https://pub.dev"
    source: hosted
    version: "4.4.5"
  cloud_firestore_platform_interface:
    dependency: transitive
    description:
      name: cloud_firestore_platform_interface
      sha256: "6255cf3ad845d44c6c69a7db51139c8d90691e435dd175578f6365f10c023fcc"
      url: "https://pub.dev"
    source: hosted
    version: "5.11.5"
  cloud_firestore_web:
    dependency: transitive
    description:
      name: cloud_firestore_web
      sha256: "3bc08abdeb21a59e80491aee827895aaa3c6da602bad9ab68d83e1ab13c951b1"
      url: "https://pub.dev"
    source: hosted
    version: "3.3.5"
  collection:
    dependency: transitive
    description:
      name: collection
      sha256: ee67cb0715911d28db6bf4af1026078bd6f0128b07a5f66fb2ed94ec6783c09a
      url: "https://pub.dev"
    source: hosted
    version: "1.18.0"
  convert:
    dependency: transitive
    description:
      name: convert
      sha256: "1be13198012c1d5bc042dc40ad1d7f16cbd522350984c0c1abf471d6d7e305c6"
      url: "https://pub.dev"
    source: hosted
    version: "3.1.0"
  cross_file:
    dependency: transitive
    description:
      name: cross_file
      sha256: "0b0036e8cccbfbe0555fd83c1d31a6f30b77a96b598b35a5d36dd41f718695e9"
      url: "https://pub.dev"
    source: hosted
    version: "0.3.3+4"
  crypto:
    dependency: transitive
    description:
      name: crypto
      sha256: ff625774173754681d66daaf4a448684fb04b78f902da9cb3d308c19cc5e8bab
      url: "https://pub.dev"
    source: hosted
    version: "3.0.3"
  cupertino_icons:
    dependency: "direct main"
    description:
      name: cupertino_icons
      sha256: e35129dc44c9118cee2a5603506d823bab99c68393879edb440e0090d07586be
      url: "https://pub.dev"
    source: hosted
    version: "1.0.5"
  fake_async:
    dependency: transitive
    description:
      name: fake_async
      sha256: "511392330127add0b769b75a987850d136345d9227c6b94c96a04cf4a391bf78"
      url: "https://pub.dev"
    source: hosted
    version: "1.3.1"
  ffi:
    dependency: transitive
    description:
      name: ffi
      sha256: "493f37e7df1804778ff3a53bd691d8692ddf69702cf4c1c1096a2e41b4779e21"
      url: "https://pub.dev"
    source: hosted
    version: "2.1.2"
  firebase_auth:
    dependency: "direct main"
    description:
      name: firebase_auth
      sha256: "94c229e296a5b9ee5c8cda918e0b320e3a0cc4f6a349cd410c427da347f2a244"
      url: "https://pub.dev"
    source: hosted
    version: "4.3.0"
  firebase_auth_platform_interface:
    dependency: transitive
    description:
      name: firebase_auth_platform_interface
      sha256: "1217d8aa313b49d58b489aa8879544563abc8793d9612ff20d8df193f202aedc"
      url: "https://pub.dev"
    source: hosted
    version: "6.12.0"
  firebase_auth_web:
    dependency: transitive
    description:
      name: firebase_auth_web
      sha256: bf7f1a87995a58b0f07dc617806dabd7ff25c64be7fa47b41ab1bb9a485b0062
      url: "https://pub.dev"
    source: hosted
    version: "5.2.10"
  firebase_core:
    dependency: "direct main"
    description:
      name: firebase_core
      sha256: "75f747cafd7cbd6c00b908e3a7aa59fc31593d46ba8165d9ee8a79e69464a394"
      url: "https://pub.dev"
    source: hosted
    version: "2.8.0"
  firebase_core_platform_interface:
    dependency: transitive
    description:
      name: firebase_core_platform_interface
      sha256: "5615b30c36f55b2777d0533771deda7e5730e769e5d3cb7fda79e9bed86cfa55"
      url: "https://pub.dev"
    source: hosted
    version: "4.5.3"
  firebase_core_web:
    dependency: transitive
    description:
      name: firebase_core_web
      sha256: "0c1cf1f1022d2245ac117443bb95207952ca770281524d2908e323bc063fb8ff"
      url: "https://pub.dev"
    source: hosted
    version: "2.2.2"
  firebase_storage:
    dependency: "direct main"
    description:
      name: firebase_storage
      sha256: "0a49413725587aa3ceaaa6233fdb2e32687e4972f13cd7277526219cd5acb398"
      url: "https://pub.dev"
    source: hosted
    version: "11.0.16"
  firebase_storage_platform_interface:
    dependency: transitive
    description:
      name: firebase_storage_platform_interface
      sha256: "951871b91ffdc49ead69daa03e58606f29b9b541056258ef805bbb7128f54afc"
      url: "https://pub.dev"
    source: hosted
    version: "4.1.32"
  firebase_storage_web:
    dependency: transitive
    description:
      name: firebase_storage_web
      sha256: d77573712c9fa5e05c7f1e23c77db0757b0b0718136a550d4d9823c92eeca8c8
      url: "https://pub.dev"
    source: hosted
    version: "3.3.25"
  fixnum:
    dependency: transitive
    description:
      name: fixnum
      sha256: "04be3e934c52e082558cc9ee21f42f5c1cd7a1262f4c63cd0357c08d5bba81ec"
      url: "https://pub.dev"
    source: hosted
    version: "1.0.1"
  flutter:
    dependency: "direct main"
    description: flutter
    source: sdk
    version: "0.0.0"
  flutter_blue:
    dependency: "direct main"
    description:
      name: flutter_blue
      sha256: f7f76b9b80455b0375693ec96c276fadb01e94d8441fa1740a64980cd1aeda5c
      url: "https://pub.dev"
    source: hosted
    version: "0.8.0"
  flutter_lints:
    dependency: "direct dev"
    description:
      name: flutter_lints
      sha256: aeb0b80a8b3709709c9cc496cdc027c5b3216796bc0af0ce1007eaf24464fd4c
      url: "https://pub.dev"
    source: hosted
    version: "2.0.1"
  flutter_plugin_android_lifecycle:
    dependency: transitive
    description:
      name: flutter_plugin_android_lifecycle
      sha256: "96af49aa6b57c10a312106ad6f71deed5a754029c24789bbf620ba784f0bd0b0"
      url: "https://pub.dev"
    source: hosted
    version: "2.0.14"
  flutter_test:
    dependency: "direct dev"
    description: flutter
    source: sdk
    version: "0.0.0"
  flutter_web_plugins:
    dependency: transitive
    description: flutter
    source: sdk
    version: "0.0.0"
  google_fonts:
    dependency: "direct main"
    description:
      name: google_fonts
      sha256: "6b6f10f0ce3c42f6552d1c70d2c28d764cf22bb487f50f66cca31dcd5194f4d6"
      url: "https://pub.dev"
    source: hosted
    version: "4.0.4"
  http:
    dependency: transitive
    description:
      name: http
      sha256: "6aa2946395183537c8b880962d935877325d6a09a2867c3970c05c0fed6ac482"
      url: "https://pub.dev"
    source: hosted
    version: "0.13.5"
  http_parser:
    dependency: transitive
    description:
      name: http_parser
      sha256: "2aa08ce0341cc9b354a498388e30986515406668dbcc4f7c950c3e715496693b"
      url: "https://pub.dev"
    source: hosted
    version: "4.0.2"
  image_picker:
    dependency: "direct main"
    description:
      name: image_picker
      sha256: cb25f04595a88450970dbe727243ba8cd21b6f7e0d7d1fc5b789fc6f52e95494
      url: "https://pub.dev"
    source: hosted
    version: "0.8.7+1"
  image_picker_android:
    dependency: transitive
    description:
      name: image_picker_android
      sha256: dfb5b0f28b8786fcc662b7ed42bfb4b82a6cbbd74da1958384b10d40bdf212a7
      url: "https://pub.dev"
    source: hosted
    version: "0.8.6+6"
  image_picker_for_web:
    dependency: transitive
    description:
      name: image_picker_for_web
      sha256: "98f50d6b9f294c8ba35e25cc0d13b04bfddd25dbc8d32fa9d566a6572f2c081c"
      url: "https://pub.dev"
    source: hosted
    version: "2.1.12"
  image_picker_ios:
    dependency: transitive
    description:
      name: image_picker_ios
      sha256: "39aa70b5f1e5e7c94585b9738632d5fdb764a5655e40cd9e7b95fbd2fc50c519"
      url: "https://pub.dev"
    source: hosted
    version: "0.8.6+9"
  image_picker_platform_interface:
    dependency: transitive
    description:
      name: image_picker_platform_interface
      sha256: "1991219d9dbc42a99aff77e663af8ca51ced592cd6685c9485e3458302d3d4f8"
      url: "https://pub.dev"
    source: hosted
    version: "2.6.3"
  intl:
    dependency: "direct main"
    description:
      name: intl
      sha256: "910f85bce16fb5c6f614e117efa303e85a1731bb0081edf3604a2ae6e9a3cc91"
      url: "https://pub.dev"
    source: hosted
    version: "0.17.0"
  js:
    dependency: transitive
    description:
      name: js
      sha256: a5e201311cb08bf3912ebbe9a2be096e182d703f881136ec1e81a2338a9e120d
      url: "https://pub.dev"
    source: hosted
    version: "0.6.4"
  leak_tracker:
    dependency: transitive
    description:
      name: leak_tracker
      sha256: "3f87a60e8c63aecc975dda1ceedbc8f24de75f09e4856ea27daf8958f2f0ce05"
      url: "https://pub.dev"
    source: hosted
    version: "10.0.5"
  leak_tracker_flutter_testing:
    dependency: transitive
    description:
      name: leak_tracker_flutter_testing
      sha256: "932549fb305594d82d7183ecd9fa93463e9914e1b67cacc34bc40906594a1806"
      url: "https://pub.dev"
    source: hosted
    version: "3.0.5"
  leak_tracker_testing:
    dependency: transitive
    description:
      name: leak_tracker_testing
      sha256: "6ba465d5d76e67ddf503e1161d1f4a6bc42306f9d66ca1e8f079a47290fb06d3"
      url: "https://pub.dev"
    source: hosted
    version: "3.0.1"
  lints:
    dependency: transitive
    description:
      name: lints
      sha256: "5e4a9cd06d447758280a8ac2405101e0e2094d2a1dbdd3756aec3fe7775ba593"
      url: "https://pub.dev"
    source: hosted
    version: "2.0.1"
  matcher:
    dependency: transitive
    description:
      name: matcher
      sha256: d2323aa2060500f906aa31a895b4030b6da3ebdcc5619d14ce1aada65cd161cb
      url: "https://pub.dev"
    source: hosted
    version: "0.12.16+1"
  material_color_utilities:
    dependency: transitive
    description:
      name: material_color_utilities
      sha256: f7142bb1154231d7ea5f96bc7bde4bda2a0945d2806bb11670e30b850d56bdec
      url: "https://pub.dev"
    source: hosted
    version: "0.11.1"
  meta:
    dependency: transitive
    description:
      name: meta
      sha256: bdb68674043280c3428e9ec998512fb681678676b3c54e773629ffe74419f8c7
      url: "https://pub.dev"
    source: hosted
    version: "1.15.0"
  nested:
    dependency: transitive
    description:
      name: nested
      sha256: "03bac4c528c64c95c722ec99280375a6f2fc708eec17c7b3f07253b626cd2a20"
      url: "https://pub.dev"
    source: hosted
    version: "1.0.0"
  path:
    dependency: transitive
    description:
      name: path
      sha256: "087ce49c3f0dc39180befefc60fdb4acd8f8620e5682fe2476afd0b3688bb4af"
      url: "https://pub.dev"
    source: hosted
    version: "1.9.0"
  path_provider:
    dependency: transitive
    description:
      name: path_provider
      sha256: c9e7d3a4cd1410877472158bee69963a4579f78b68c65a2b7d40d1a7a88bb161
      url: "https://pub.dev"
    source: hosted
    version: "2.1.3"
  path_provider_android:
    dependency: transitive
    description:
      name: path_provider_android
      sha256: "9c96da072b421e98183f9ea7464898428e764bc0ce5567f27ec8693442e72514"
      url: "https://pub.dev"
    source: hosted
    version: "2.2.5"
  path_provider_foundation:
    dependency: transitive
    description:
      name: path_provider_foundation
      sha256: f234384a3fdd67f989b4d54a5d73ca2a6c422fa55ae694381ae0f4375cd1ea16
      url: "https://pub.dev"
    source: hosted
    version: "2.4.0"
  path_provider_linux:
    dependency: transitive
    description:
      name: path_provider_linux
      sha256: f7a1fe3a634fe7734c8d3f2766ad746ae2a2884abe22e241a8b301bf5cac3279
      url: "https://pub.dev"
    source: hosted
    version: "2.2.1"
  path_provider_platform_interface:
    dependency: transitive
    description:
      name: path_provider_platform_interface
      sha256: "94b1e0dd80970c1ce43d5d4e050a9918fce4f4a775e6142424c30a29a363265c"
      url: "https://pub.dev"
    source: hosted
    version: "2.1.1"
  path_provider_windows:
    dependency: transitive
    description:
      name: path_provider_windows
      sha256: "8bc9f22eee8690981c22aa7fc602f5c85b497a6fb2ceb35ee5a5e5ed85ad8170"
      url: "https://pub.dev"
    source: hosted
    version: "2.2.1"
  permission_handler:
    dependency: "direct main"
    description:
      name: permission_handler
      sha256: bc56bfe9d3f44c3c612d8d393bd9b174eb796d706759f9b495ac254e4294baa5
      url: "https://pub.dev"
    source: hosted
    version: "10.4.5"
  permission_handler_android:
    dependency: transitive
    description:
      name: permission_handler_android
      sha256: "59c6322171c29df93a22d150ad95f3aa19ed86542eaec409ab2691b8f35f9a47"
      url: "https://pub.dev"
    source: hosted
    version: "10.3.6"
  permission_handler_apple:
    dependency: transitive
    description:
      name: permission_handler_apple
      sha256: "99e220bce3f8877c78e4ace901082fb29fa1b4ebde529ad0932d8d664b34f3f5"
      url: "https://pub.dev"
    source: hosted
    version: "9.1.4"
  permission_handler_platform_interface:
    dependency: transitive
    description:
      name: permission_handler_platform_interface
      sha256: "6760eb5ef34589224771010805bea6054ad28453906936f843a8cc4d3a55c4a4"
      url: "https://pub.dev"
    source: hosted
    version: "3.12.0"
  permission_handler_windows:
    dependency: transitive
    description:
      name: permission_handler_windows
      sha256: cc074aace208760f1eee6aa4fae766b45d947df85bc831cde77009cdb4720098
      url: "https://pub.dev"
    source: hosted
    version: "0.1.3"
  platform:
    dependency: transitive
    description:
      name: platform
      sha256: "9b71283fc13df574056616011fb138fd3b793ea47cc509c189a6c3fa5f8a1a65"
      url: "https://pub.dev"
    source: hosted
    version: "3.1.5"
  plugin_platform_interface:
    dependency: transitive
    description:
      name: plugin_platform_interface
      sha256: "6a2128648c854906c53fa8e33986fc0247a1116122f9534dd20e3ab9e16a32bc"
      url: "https://pub.dev"
    source: hosted
    version: "2.1.4"
  protobuf:
    dependency: transitive
    description:
      name: protobuf
      sha256: "01dd9bd0fa02548bf2ceee13545d4a0ec6046459d847b6b061d8a27237108a08"
      url: "https://pub.dev"
    source: hosted
    version: "2.1.0"
  provider:
    dependency: "direct main"
    description:
      name: provider
      sha256: c8a055ee5ce3fd98d6fc872478b03823ffdb448699c6ebdbbc71d59b596fd48c
      url: "https://pub.dev"
    source: hosted
    version: "6.1.2"
  rxdart:
    dependency: transitive
    description:
      name: rxdart
      sha256: "2ef8b4e91cb3b55d155e0e34eeae0ac7107974e451495c955ac04ddee8cc21fd"
      url: "https://pub.dev"
    source: hosted
    version: "0.26.0"
  sky_engine:
    dependency: transitive
    description: flutter
    source: sdk
    version: "0.0.99"
  source_span:
    dependency: transitive
    description:
      name: source_span
      sha256: "53e943d4206a5e30df338fd4c6e7a077e02254531b138a15aec3bd143c1a8b3c"
      url: "https://pub.dev"
    source: hosted
    version: "1.10.0"
  stack_trace:
    dependency: transitive
    description:
      name: stack_trace
      sha256: "73713990125a6d93122541237550ee3352a2d84baad52d375a4cad2eb9b7ce0b"
      url: "https://pub.dev"
    source: hosted
    version: "1.11.1"
  stream_channel:
    dependency: transitive
    description:
      name: stream_channel
      sha256: ba2aa5d8cc609d96bbb2899c28934f9e1af5cddbd60a827822ea467161eb54e7
      url: "https://pub.dev"
    source: hosted
    version: "2.1.2"
  string_scanner:
    dependency: transitive
    description:
      name: string_scanner
      sha256: "556692adab6cfa87322a115640c11f13cb77b3f076ddcc5d6ae3c20242bedcde"
      url: "https://pub.dev"
    source: hosted
    version: "1.2.0"
  term_glyph:
    dependency: transitive
    description:
      name: term_glyph
      sha256: a29248a84fbb7c79282b40b8c72a1209db169a2e0542bce341da992fe1bc7e84
      url: "https://pub.dev"
    source: hosted
    version: "1.2.1"
  test_api:
    dependency: transitive
    description:
      name: test_api
      sha256: "5b8a98dafc4d5c4c9c72d8b31ab2b23fc13422348d2997120294d3bac86b4ddb"
      url: "https://pub.dev"
    source: hosted
    version: "0.7.2"
  typed_data:
    dependency: transitive
    description:
      name: typed_data
      sha256: facc8d6582f16042dd49f2463ff1bd6e2c9ef9f3d5da3d9b087e244a7b564b3c
      url: "https://pub.dev"
    source: hosted
    version: "1.3.2"
  vector_math:
    dependency: transitive
    description:
      name: vector_math
      sha256: "80b3257d1492ce4d091729e3a67a60407d227c27241d6927be0130c98e741803"
      url: "https://pub.dev"
    source: hosted
    version: "2.1.4"
  vm_service:
    dependency: transitive
    description:
      name: vm_service
      sha256: "360c4271613beb44db559547d02f8b0dc044741d0eeb9aa6ccdb47e8ec54c63a"
      url: "https://pub.dev"
    source: hosted
    version: "14.2.3"
  win32:
    dependency: transitive
    description:
      name: win32
      sha256: a79dbe579cb51ecd6d30b17e0cae4e0ea15e2c0e66f69ad4198f22a6789e94f4
      url: "https://pub.dev"
    source: hosted
    version: "5.5.1"
  xdg_directories:
    dependency: transitive
    description:
      name: xdg_directories
      sha256: faea9dee56b520b55a566385b84f2e8de55e7496104adada9962e0bd11bcff1d
      url: "https://pub.dev"
    source: hosted
    version: "1.0.4"
sdks:
  dart: ">=3.4.0 <4.0.0"
  flutter: ">=3.22.0"
